
Microsoft Visual Studio Solution File, Format Version 12.00
# Visual Studio 15
VisualStudioVersion = 15.0.28307.168
MinimumVisualStudioVersion = 10.0.40219.1
Project("{FAE04EC0-301F-11D3-BF4B-00C04F79EFBC}") = "TesteDrive.Android", "TesteDrive\TesteDrive.Android\TesteDrive.Android.csproj", "{461AA0DF-C3A3-4395-AE2A-1EB44EF8294E}"
EndProject
Project("{FAE04EC0-301F-11D3-BF4B-00C04F79EFBC}") = "TesteDrive.iOS", "TesteDrive\TesteDrive.iOS\TesteDrive.iOS.csproj", "{E818CDAF-BBA1-43ED-8D33-7D4C85C37741}"
EndProject
Project("{FAE04EC0-301F-11D3-BF4B-00C04F79EFBC}") = "TesteDrive", "TesteDrive\TesteDrive\TesteDrive.csproj", "{A53B271F-2C16-4B3A-B770-01578954B73B}"
EndProject
Global
	GlobalSection(SolutionConfigurationPlatforms) = preSolution
		Ad-Hoc|Any CPU = Ad-Hoc|Any CPU
		Ad-Hoc|iPhone = Ad-Hoc|iPhone
		Ad-Hoc|iPhoneSimulator = Ad-Hoc|iPhoneSimulator
		AppStore|Any CPU = AppStore|Any CPU
		AppStore|iPhone = AppStore|iPhone
		AppStore|iPhoneSimulator = AppStore|iPhoneSimulator
		Debug|Any CPU = Debug|Any CPU
		Debug|iPhone = Debug|iPhone
		Debug|iPhoneSimulator = Debug|iPhoneSimulator
		Release|Any CPU = Release|Any CPU
		Release|iPhone = Release|iPhone
		Release|iPhoneSimulator = Release|iPhoneSimulator
	EndGlobalSection
	GlobalSection(ProjectConfigurationPlatforms) = postSolution
		{461AA0DF-C3A3-4395-AE2A-1EB44EF8294E}.Ad-Hoc|Any CPU.ActiveCfg = Release|Any CPU
		{461AA0DF-C3A3-4395-AE2A-1EB44EF8294E}.Ad-Hoc|Any CPU.Build.0 = Release|Any CPU
		{461AA0DF-C3A3-4395-AE2A-1EB44EF8294E}.Ad-Hoc|Any CPU.Deploy.0 = Release|Any CPU
		{461AA0DF-C3A3-4395-AE2A-1EB44EF8294E}.Ad-Hoc|iPhone.ActiveCfg = Release|Any CPU
		{461AA0DF-C3A3-4395-AE2A-1EB44EF8294E}.Ad-Hoc|iPhone.Build.0 = Release|Any CPU
		{461AA0DF-C3A3-4395-AE2A-1EB44EF8294E}.Ad-Hoc|iPhone.Deploy.0 = Release|Any CPU
		{461AA0DF-C3A3-4395-AE2A-1EB44EF8294E}.Ad-Hoc|iPhoneSimulator.ActiveCfg = Release|Any CPU
		{461AA0DF-C3A3-4395-AE2A-1EB44EF8294E}.Ad-Hoc|iPhoneSimulator.Build.0 = Release|Any CPU
		{461AA0DF-C3A3-4395-AE2A-1EB44EF8294E}.Ad-Hoc|iPhoneSimulator.Deploy.0 = Release|Any CPU
		{461AA0DF-C3A3-4395-AE2A-1EB44EF8294E}.AppStore|Any CPU.ActiveCfg = Release|Any CPU
		{461AA0DF-C3A3-4395-AE2A-1EB44EF8294E}.AppStore|Any CPU.Build.0 = Release|Any CPU
		{461AA0DF-C3A3-4395-AE2A-1EB44EF8294E}.AppStore|Any CPU.Deploy.0 = Release|Any CPU
		{461AA0DF-C3A3-4395-AE2A-1EB44EF8294E}.AppStore|iPhone.ActiveCfg = Release|Any CPU
		{461AA0DF-C3A3-4395-AE2A-1EB44EF8294E}.AppStore|iPhone.Build.0 = Release|Any CPU
		{461AA0DF-C3A3-4395-AE2A-1EB44EF8294E}.AppStore|iPhone.Deploy.0 = Release|Any CPU
		{461AA0DF-C3A3-4395-AE2A-1EB44EF8294E}.AppStore|iPhoneSimulator.ActiveCfg = Release|Any CPU
		{461AA0DF-C3A3-4395-AE2A-1EB44EF8294E}.AppStore|iPhoneSimulator.Build.0 = Release|Any CPU
		{461AA0DF-C3A3-4395-AE2A-1EB44EF8294E}.AppStore|iPhoneSimulator.Deploy.0 = Release|Any CPU
		{461AA0DF-C3A3-4395-AE2A-1EB44EF8294E}.Debug|Any CPU.ActiveCfg = Debug|Any CPU
		{461AA0DF-C3A3-4395-AE2A-1EB44EF8294E}.Debug|Any CPU.Build.0 = Debug|Any CPU
		{461AA0DF-C3A3-4395-AE2A-1EB44EF8294E}.Debug|Any CPU.Deploy.0 = Debug|Any CPU
		{461AA0DF-C3A3-4395-AE2A-1EB44EF8294E}.Debug|iPhone.ActiveCfg = Debug|Any CPU
		{461AA0DF-C3A3-4395-AE2A-1EB44EF8294E}.Debug|iPhone.Build.0 = Debug|Any CPU
		{461AA0DF-C3A3-4395-AE2A-1EB44EF8294E}.Debug|iPhone.Deploy.0 = Debug|Any CPU
		{461AA0DF-C3A3-4395-AE2A-1EB44EF8294E}.Debug|iPhoneSimulator.ActiveCfg = Debug|Any CPU
		{461AA0DF-C3A3-4395-AE2A-1EB44EF8294E}.Debug|iPhoneSimulator.Build.0 = Debug|Any CPU
		{461AA0DF-C3A3-4395-AE2A-1EB44EF8294E}.Debug|iPhoneSimulator.Deploy.0 = Debug|Any CPU
		{461AA0DF-C3A3-4395-AE2A-1EB44EF8294E}.Release|Any CPU.ActiveCfg = Release|Any CPU
		{461AA0DF-C3A3-4395-AE2A-1EB44EF8294E}.Release|Any CPU.Build.0 = Release|Any CPU
		{461AA0DF-C3A3-4395-AE2A-1EB44EF8294E}.Release|Any CPU.Deploy.0 = Release|Any CPU
		{461AA0DF-C3A3-4395-AE2A-1EB44EF8294E}.Release|iPhone.ActiveCfg = Release|Any CPU
		{461AA0DF-C3A3-4395-AE2A-1EB44EF8294E}.Release|iPhone.Build.0 = Release|Any CPU
		{461AA0DF-C3A3-4395-AE2A-1EB44EF8294E}.Release|iPhone.Deploy.0 = Release|Any CPU
		{461AA0DF-C3A3-4395-AE2A-1EB44EF8294E}.Release|iPhoneSimulator.ActiveCfg = Release|Any CPU
		{461AA0DF-C3A3-4395-AE2A-1EB44EF8294E}.Release|iPhoneSimulator.Build.0 = Release|Any CPU
		{461AA0DF-C3A3-4395-AE2A-1EB44EF8294E}.Release|iPhoneSimulator.Deploy.0 = Release|Any CPU
		{E818CDAF-BBA1-43ED-8D33-7D4C85C37741}.Ad-Hoc|Any CPU.ActiveCfg = Ad-Hoc|iPhone
		{E818CDAF-BBA1-43ED-8D33-7D4C85C37741}.Ad-Hoc|Any CPU.Build.0 = Ad-Hoc|iPhone
		{E818CDAF-BBA1-43ED-8D33-7D4C85C37741}.Ad-Hoc|Any CPU.Deploy.0 = Ad-Hoc|iPhone
		{E818CDAF-BBA1-43ED-8D33-7D4C85C37741}.Ad-Hoc|iPhone.ActiveCfg = Ad-Hoc|iPhone
		{E818CDAF-BBA1-43ED-8D33-7D4C85C37741}.Ad-Hoc|iPhone.Build.0 = Ad-Hoc|iPhone
		{E818CDAF-BBA1-43ED-8D33-7D4C85C37741}.Ad-Hoc|iPhone.Deploy.0 = Ad-Hoc|iPhone
		{E818CDAF-BBA1-43ED-8D33-7D4C85C37741}.Ad-Hoc|iPhoneSimulator.ActiveCfg = Ad-Hoc|iPhoneSimulator
		{E818CDAF-BBA1-43ED-8D33-7D4C85C37741}.Ad-Hoc|iPhoneSimulator.Build.0 = Ad-Hoc|iPhoneSimulator
		{E818CDAF-BBA1-43ED-8D33-7D4C85C37741}.Ad-Hoc|iPhoneSimulator.Deploy.0 = Ad-Hoc|iPhoneSimulator
		{E818CDAF-BBA1-43ED-8D33-7D4C85C37741}.AppStore|Any CPU.ActiveCfg = AppStore|iPhone
		{E818CDAF-BBA1-43ED-8D33-7D4C85C37741}.AppStore|Any CPU.Build.0 = AppStore|iPhone
		{E818CDAF-BBA1-43ED-8D33-7D4C85C37741}.AppStore|Any CPU.Deploy.0 = AppStore|iPhone
		{E818CDAF-BBA1-43ED-8D33-7D4C85C37741}.AppStore|iPhone.ActiveCfg = AppStore|iPhone
		{E818CDAF-BBA1-43ED-8D33-7D4C85C37741}.AppStore|iPhone.Build.0 = AppStore|iPhone
		{E818CDAF-BBA1-43ED-8D33-7D4C85C37741}.AppStore|iPhone.Deploy.0 = AppStore|iPhone
		{E818CDAF-BBA1-43ED-8D33-7D4C85C37741}.AppStore|iPhoneSimulator.ActiveCfg = AppStore|iPhoneSimulator
		{E818CDAF-BBA1-43ED-8D33-7D4C85C37741}.AppStore|iPhoneSimulator.Build.0 = AppStore|iPhoneSimulator
		{E818CDAF-BBA1-43ED-8D33-7D4C85C37741}.AppStore|iPhoneSimulator.Deploy.0 = AppStore|iPhoneSimulator
		{E818CDAF-BBA1-43ED-8D33-7D4C85C37741}.Debug|Any CPU.ActiveCfg = Debug|iPhoneSimulator
		{E818CDAF-BBA1-43ED-8D33-7D4C85C37741}.Debug|Any CPU.Deploy.0 = Debug|iPhoneSimulator
		{E818CDAF-BBA1-43ED-8D33-7D4C85C37741}.Debug|iPhone.ActiveCfg = Debug|iPhone
		{E818CDAF-BBA1-43ED-8D33-7D4C85C37741}.Debug|iPhone.Build.0 = Debug|iPhone
		{E818CDAF-BBA1-43ED-8D33-7D4C85C37741}.Debug|iPhone.Deploy.0 = Debug|iPhone
		{E818CDAF-BBA1-43ED-8D33-7D4C85C37741}.Debug|iPhoneSimulator.ActiveCfg = Debug|iPhoneSimulator
		{E818CDAF-BBA1-43ED-8D33-7D4C85C37741}.Debug|iPhoneSimulator.Build.0 = Debug|iPhoneSimulator
		{E818CDAF-BBA1-43ED-8D33-7D4C85C37741}.Debug|iPhoneSimulator.Deploy.0 = Debug|iPhoneSimulator
		{E818CDAF-BBA1-43ED-8D33-7D4C85C37741}.Release|Any CPU.ActiveCfg = Release|iPhone
		{E818CDAF-BBA1-43ED-8D33-7D4C85C37741}.Release|Any CPU.Build.0 = Release|iPhone
		{E818CDAF-BBA1-43ED-8D33-7D4C85C37741}.Release|Any CPU.Deploy.0 = Release|iPhone
		{E818CDAF-BBA1-43ED-8D33-7D4C85C37741}.Release|iPhone.ActiveCfg = Release|iPhone
		{E818CDAF-BBA1-43ED-8D33-7D4C85C37741}.Release|iPhone.Build.0 = Release|iPhone
		{E818CDAF-BBA1-43ED-8D33-7D4C85C37741}.Release|iPhone.Deploy.0 = Release|iPhone
		{E818CDAF-BBA1-43ED-8D33-7D4C85C37741}.Release|iPhoneSimulator.ActiveCfg = Release|iPhoneSimulator
		{E818CDAF-BBA1-43ED-8D33-7D4C85C37741}.Release|iPhoneSimulator.Build.0 = Release|iPhoneSimulator
		{E818CDAF-BBA1-43ED-8D33-7D4C85C37741}.Release|iPhoneSimulator.Deploy.0 = Release|iPhoneSimulator
		{A53B271F-2C16-4B3A-B770-01578954B73B}.Ad-Hoc|Any CPU.ActiveCfg = Debug|Any CPU
		{A53B271F-2C16-4B3A-B770-01578954B73B}.Ad-Hoc|Any CPU.Build.0 = Debug|Any CPU
		{A53B271F-2C16-4B3A-B770-01578954B73B}.Ad-Hoc|Any CPU.Deploy.0 = Debug|Any CPU
		{A53B271F-2C16-4B3A-B770-01578954B73B}.Ad-Hoc|iPhone.ActiveCfg = Debug|Any CPU
		{A53B271F-2C16-4B3A-B770-01578954B73B}.Ad-Hoc|iPhone.Build.0 = Debug|Any CPU
		{A53B271F-2C16-4B3A-B770-01578954B73B}.Ad-Hoc|iPhone.Deploy.0 = Debug|Any CPU
		{A53B271F-2C16-4B3A-B770-01578954B73B}.Ad-Hoc|iPhoneSimulator.ActiveCfg = Debug|Any CPU
		{A53B271F-2C16-4B3A-B770-01578954B73B}.Ad-Hoc|iPhoneSimulator.Build.0 = Debug|Any CPU
		{A53B271F-2C16-4B3A-B770-01578954B73B}.Ad-Hoc|iPhoneSimulator.Deploy.0 = Debug|Any CPU
		{A53B271F-2C16-4B3A-B770-01578954B73B}.AppStore|Any CPU.ActiveCfg = Debug|Any CPU
		{A53B271F-2C16-4B3A-B770-01578954B73B}.AppStore|Any CPU.Build.0 = Debug|Any CPU
		{A53B271F-2C16-4B3A-B770-01578954B73B}.AppStore|Any CPU.Deploy.0 = Debug|Any CPU
		{A53B271F-2C16-4B3A-B770-01578954B73B}.AppStore|iPhone.ActiveCfg = Debug|Any CPU
		{A53B271F-2C16-4B3A-B770-01578954B73B}.AppStore|iPhone.Build.0 = Debug|Any CPU
		{A53B271F-2C16-4B3A-B770-01578954B73B}.AppStore|iPhone.Deploy.0 = Debug|Any CPU
		{A53B271F-2C16-4B3A-B770-01578954B73B}.AppStore|iPhoneSimulator.ActiveCfg = Debug|Any CPU
		{A53B271F-2C16-4B3A-B770-01578954B73B}.AppStore|iPhoneSimulator.Build.0 = Debug|Any CPU
		{A53B271F-2C16-4B3A-B770-01578954B73B}.AppStore|iPhoneSimulator.Deploy.0 = Debug|Any CPU
		{A53B271F-2C16-4B3A-B770-01578954B73B}.Debug|Any CPU.ActiveCfg = Debug|Any CPU
		{A53B271F-2C16-4B3A-B770-01578954B73B}.Debug|Any CPU.Build.0 = Debug|Any CPU
		{A53B271F-2C16-4B3A-B770-01578954B73B}.Debug|Any CPU.Deploy.0 = Debug|Any CPU
		{A53B271F-2C16-4B3A-B770-01578954B73B}.Debug|iPhone.ActiveCfg = Debug|Any CPU
		{A53B271F-2C16-4B3A-B770-01578954B73B}.Debug|iPhone.Build.0 = Debug|Any CPU
		{A53B271F-2C16-4B3A-B770-01578954B73B}.Debug|iPhone.Deploy.0 = Debug|Any CPU
		{A53B271F-2C16-4B3A-B770-01578954B73B}.Debug|iPhoneSimulator.ActiveCfg = Debug|Any CPU
		{A53B271F-2C16-4B3A-B770-01578954B73B}.Debug|iPhoneSimulator.Build.0 = Debug|Any CPU
		{A53B271F-2C16-4B3A-B770-01578954B73B}.Debug|iPhoneSimulator.Deploy.0 = Debug|Any CPU
		{A53B271F-2C16-4B3A-B770-01578954B73B}.Release|Any CPU.ActiveCfg = Release|Any CPU
		{A53B271F-2C16-4B3A-B770-01578954B73B}.Release|Any CPU.Build.0 = Release|Any CPU
		{A53B271F-2C16-4B3A-B770-01578954B73B}.Release|Any CPU.Deploy.0 = Release|Any CPU
		{A53B271F-2C16-4B3A-B770-01578954B73B}.Release|iPhone.ActiveCfg = Release|Any CPU
		{A53B271F-2C16-4B3A-B770-01578954B73B}.Release|iPhone.Build.0 = Release|Any CPU
		{A53B271F-2C16-4B3A-B770-01578954B73B}.Release|iPhone.Deploy.0 = Release|Any CPU
		{A53B271F-2C16-4B3A-B770-01578954B73B}.Release|iPhoneSimulator.ActiveCfg = Release|Any CPU
		{A53B271F-2C16-4B3A-B770-01578954B73B}.Release|iPhoneSimulator.Build.0 = Release|Any CPU
		{A53B271F-2C16-4B3A-B770-01578954B73B}.Release|iPhoneSimulator.Deploy.0 = Release|Any CPU
	EndGlobalSection
	GlobalSection(SolutionProperties) = preSolution
		HideSolutionNode = FALSE
	EndGlobalSection
	GlobalSection(ExtensibilityGlobals) = postSolution
		SolutionGuid = {D98CF578-AEC7-4589-B5D8-60FBB8E38512}
	EndGlobalSection
EndGlobal
